// !$*UTF8*$!
{
	archiveVersion = 1;
	classes = {
	};
	objectVersion = 48;
	objects = {

/* Begin PBXBuildFile section */
		4148456A1F6521AA00C11DBC /* AppDelegate.swift in Sources */ = {isa = PBXBuildFile; fileRef = 414845691F6521AA00C11DBC /* AppDelegate.swift */; };
		4148456C1F6521AA00C11DBC /* ViewController.swift in Sources */ = {isa = PBXBuildFile; fileRef = 4148456B1F6521AA00C11DBC /* ViewController.swift */; };
		4148456F1F6521AA00C11DBC /* Main.storyboard in Resources */ = {isa = PBXBuildFile; fileRef = 4148456D1F6521AA00C11DBC /* Main.storyboard */; };
		414845721F6521AA00C11DBC /* Planets.xcdatamodeld in Sources */ = {isa = PBXBuildFile; fileRef = 414845701F6521AA00C11DBC /* Planets.xcdatamodeld */; };
		414845741F6521AA00C11DBC /* Assets.xcassets in Resources */ = {isa = PBXBuildFile; fileRef = 414845731F6521AA00C11DBC /* Assets.xcassets */; };
		414845771F6521AB00C11DBC /* LaunchScreen.storyboard in Resources */ = {isa = PBXBuildFile; fileRef = 414845751F6521AA00C11DBC /* LaunchScreen.storyboard */; };
		414845821F6521AB00C11DBC /* PlanetsTests.swift in Sources */ = {isa = PBXBuildFile; fileRef = 414845811F6521AB00C11DBC /* PlanetsTests.swift */; };
		4148458D1F6521AB00C11DBC /* PlanetsUITests.swift in Sources */ = {isa = PBXBuildFile; fileRef = 4148458C1F6521AB00C11DBC /* PlanetsUITests.swift */; };
/* End PBXBuildFile section */

/* Begin PBXContainerItemProxy section */
		4148457E1F6521AB00C11DBC /* PBXContainerItemProxy */ = {
			isa = PBXContainerItemProxy;
			containerPortal = 4148455E1F6521AA00C11DBC /* Project object */;
			proxyType = 1;
			remoteGlobalIDString = 414845651F6521AA00C11DBC;
			remoteInfo = Planets;
		};
		414845891F6521AB00C11DBC /* PBXContainerItemProxy */ = {
			isa = PBXContainerItemProxy;
			containerPortal = 4148455E1F6521AA00C11DBC /* Project object */;
			proxyType = 1;
			remoteGlobalIDString = 414845651F6521AA00C11DBC;
			remoteInfo = Planets;
		};
/* End PBXContainerItemProxy section */

/* Begin PBXFileReference section */
		414845661F6521AA00C11DBC /* Planets.app */ = {isa = PBXFileReference; explicitFileType = wrapper.application; includeInIndex = 0; path = Planets.app; sourceTree = BUILT_PRODUCTS_DIR; };
		414845691F6521AA00C11DBC /* AppDelegate.swift */ = {isa = PBXFileReference; lastKnownFileType = sourcecode.swift; path = AppDelegate.swift; sourceTree = "<group>"; };
		4148456B1F6521AA00C11DBC /* ViewController.swift */ = {isa = PBXFileReference; lastKnownFileType = sourcecode.swift; path = ViewController.swift; sourceTree = "<group>"; };
		4148456E1F6521AA00C11DBC /* Base */ = {isa = PBXFileReference; lastKnownFileType = file.storyboard; name = Base; path = Base.lproj/Main.storyboard; sourceTree = "<group>"; };
		414845711F6521AA00C11DBC /* Planets.xcdatamodel */ = {isa = PBXFileReference; lastKnownFileType = wrapper.xcdatamodel; path = Planets.xcdatamodel; sourceTree = "<group>"; };
		414845731F6521AA00C11DBC /* Assets.xcassets */ = {isa = PBXFileReference; lastKnownFileType = folder.assetcatalog; path = Assets.xcassets; sourceTree = "<group>"; };
		414845761F6521AA00C11DBC /* Base */ = {isa = PBXFileReference; lastKnownFileType = file.storyboard; name = Base; path = Base.lproj/LaunchScreen.storyboard; sourceTree = "<group>"; };
		414845781F6521AB00C11DBC /* Info.plist */ = {isa = PBXFileReference; lastKnownFileType = text.plist.xml; path = Info.plist; sourceTree = "<group>"; };
		4148457D1F6521AB00C11DBC /* PlanetsTests.xctest */ = {isa = PBXFileReference; explicitFileType = wrapper.cfbundle; includeInIndex = 0; path = PlanetsTests.xctest; sourceTree = BUILT_PRODUCTS_DIR; };
		414845811F6521AB00C11DBC /* PlanetsTests.swift */ = {isa = PBXFileReference; lastKnownFileType = sourcecode.swift; path = PlanetsTests.swift; sourceTree = "<group>"; };
		414845831F6521AB00C11DBC /* Info.plist */ = {isa = PBXFileReference; lastKnownFileType = text.plist.xml; path = Info.plist; sourceTree = "<group>"; };
		414845881F6521AB00C11DBC /* PlanetsUITests.xctest */ = {isa = PBXFileReference; explicitFileType = wrapper.cfbundle; includeInIndex = 0; path = PlanetsUITests.xctest; sourceTree = BUILT_PRODUCTS_DIR; };
		4148458C1F6521AB00C11DBC /* PlanetsUITests.swift */ = {isa = PBXFileReference; lastKnownFileType = sourcecode.swift; path = PlanetsUITests.swift; sourceTree = "<group>"; };
		4148458E1F6521AB00C11DBC /* Info.plist */ = {isa = PBXFileReference; lastKnownFileType = text.plist.xml; path = Info.plist; sourceTree = "<group>"; };
/* End PBXFileReference section */

/* Begin PBXFrameworksBuildPhase section */
		414845631F6521AA00C11DBC /* Frameworks */ = {
			isa = PBXFrameworksBuildPhase;
			buildActionMask = 2147483647;
			files = (
			);
			runOnlyForDeploymentPostprocessing = 0;
		};
		4148457A1F6521AB00C11DBC /* Frameworks */ = {
			isa = PBXFrameworksBuildPhase;
			buildActionMask = 2147483647;
			files = (
			);
			runOnlyForDeploymentPostprocessing = 0;
		};
		414845851F6521AB00C11DBC /* Frameworks */ = {
			isa = PBXFrameworksBuildPhase;
			buildActionMask = 2147483647;
			files = (
			);
			runOnlyForDeploymentPostprocessing = 0;
		};
/* End PBXFrameworksBuildPhase section */

/* Begin PBXGroup section */
		4148455D1F6521AA00C11DBC = {
			isa = PBXGroup;
			children = (
				414845681F6521AA00C11DBC /* Planets */,
				414845801F6521AB00C11DBC /* PlanetsTests */,
				4148458B1F6521AB00C11DBC /* PlanetsUITests */,
				414845671F6521AA00C11DBC /* Products */,
			);
			sourceTree = "<group>";
		};
		414845671F6521AA00C11DBC /* Products */ = {
			isa = PBXGroup;
			children = (
				414845661F6521AA00C11DBC /* Planets.app */,
				4148457D1F6521AB00C11DBC /* PlanetsTests.xctest */,
				414845881F6521AB00C11DBC /* PlanetsUITests.xctest */,
			);
			name = Products;
			sourceTree = "<group>";
		};
		414845681F6521AA00C11DBC /* Planets */ = {
			isa = PBXGroup;
			children = (
				414845691F6521AA00C11DBC /* AppDelegate.swift */,
				4148456B1F6521AA00C11DBC /* ViewController.swift */,
				4148456D1F6521AA00C11DBC /* Main.storyboard */,
				414845731F6521AA00C11DBC /* Assets.xcassets */,
				414845751F6521AA00C11DBC /* LaunchScreen.storyboard */,
				414845781F6521AB00C11DBC /* Info.plist */,
				414845701F6521AA00C11DBC /* Planets.xcdatamodeld */,
			);
			path = Planets;
			sourceTree = "<group>";
		};
		414845801F6521AB00C11DBC /* PlanetsTests */ = {
			isa = PBXGroup;
			children = (
				414845811F6521AB00C11DBC /* PlanetsTests.swift */,
				414845831F6521AB00C11DBC /* Info.plist */,
			);
			path = PlanetsTests;
			sourceTree = "<group>";
		};
		4148458B1F6521AB00C11DBC /* PlanetsUITests */ = {
			isa = PBXGroup;
			children = (
				4148458C1F6521AB00C11DBC /* PlanetsUITests.swift */,
				4148458E1F6521AB00C11DBC /* Info.plist */,
			);
			path = PlanetsUITests;
			sourceTree = "<group>";
		};
/* End PBXGroup section */

/* Begin PBXNativeTarget section */
		414845651F6521AA00C11DBC /* Planets */ = {
			isa = PBXNativeTarget;
			buildConfigurationList = 414845911F6521AB00C11DBC /* Build configuration list for PBXNativeTarget "Planets" */;
			buildPhases = (
				414845621F6521AA00C11DBC /* Sources */,
				414845631F6521AA00C11DBC /* Frameworks */,
				414845641F6521AA00C11DBC /* Resources */,
			);
			buildRules = (
			);
			dependencies = (
			);
			name = Planets;
			productName = Planets;
			productReference = 414845661F6521AA00C11DBC /* Planets.app */;
			productType = "com.apple.product-type.application";
		};
		4148457C1F6521AB00C11DBC /* PlanetsTests */ = {
			isa = PBXNativeTarget;
			buildConfigurationList = 414845941F6521AB00C11DBC /* Build configuration list for PBXNativeTarget "PlanetsTests" */;
			buildPhases = (
				414845791F6521AB00C11DBC /* Sources */,
				4148457A1F6521AB00C11DBC /* Frameworks */,
				4148457B1F6521AB00C11DBC /* Resources */,
			);
			buildRules = (
			);
			dependencies = (
				4148457F1F6521AB00C11DBC /* PBXTargetDependency */,
			);
			name = PlanetsTests;
			productName = PlanetsTests;
			productReference = 4148457D1F6521AB00C11DBC /* PlanetsTests.xctest */;
			productType = "com.apple.product-type.bundle.unit-test";
		};
		414845871F6521AB00C11DBC /* PlanetsUITests */ = {
			isa = PBXNativeTarget;
			buildConfigurationList = 414845971F6521AB00C11DBC /* Build configuration list for PBXNativeTarget "PlanetsUITests" */;
			buildPhases = (
				414845841F6521AB00C11DBC /* Sources */,
				414845851F6521AB00C11DBC /* Frameworks */,
				414845861F6521AB00C11DBC /* Resources */,
			);
			buildRules = (
			);
			dependencies = (
				4148458A1F6521AB00C11DBC /* PBXTargetDependency */,
			);
			name = PlanetsUITests;
			productName = PlanetsUITests;
			productReference = 414845881F6521AB00C11DBC /* PlanetsUITests.xctest */;
			productType = "com.apple.product-type.bundle.ui-testing";
		};
/* End PBXNativeTarget section */

/* Begin PBXProject section */
		4148455E1F6521AA00C11DBC /* Project object */ = {
			isa = PBXProject;
			attributes = {
				LastSwiftUpdateCheck = 0900;
				LastUpgradeCheck = 0900;
				ORGANIZATIONNAME = "Justin Russell";
				TargetAttributes = {
					414845651F6521AA00C11DBC = {
						CreatedOnToolsVersion = 9.0;
						ProvisioningStyle = Automatic;
					};
					4148457C1F6521AB00C11DBC = {
						CreatedOnToolsVersion = 9.0;
						ProvisioningStyle = Automatic;
						TestTargetID = 414845651F6521AA00C11DBC;
					};
					414845871F6521AB00C11DBC = {
						CreatedOnToolsVersion = 9.0;
						ProvisioningStyle = Automatic;
						TestTargetID = 414845651F6521AA00C11DBC;
					};
				};
			};
			buildConfigurationList = 414845611F6521AA00C11DBC /* Build configuration list for PBXProject "Planets" */;
			compatibilityVersion = "Xcode 8.0";
			developmentRegion = en;
			hasScannedForEncodings = 0;
			knownRegions = (
				en,
				Base,
			);
			mainGroup = 4148455D1F6521AA00C11DBC;
			productRefGroup = 414845671F6521AA00C11DBC /* Products */;
			projectDirPath = "";
			projectRoot = "";
			targets = (
				414845651F6521AA00C11DBC /* Planets */,
				4148457C1F6521AB00C11DBC /* PlanetsTests */,
				414845871F6521AB00C11DBC /* PlanetsUITests */,
			);
		};
/* End PBXProject section */

/* Begin PBXResourcesBuildPhase section */
		414845641F6521AA00C11DBC /* Resources */ = {
			isa = PBXResourcesBuildPhase;
			buildActionMask = 2147483647;
			files = (
				414845771F6521AB00C11DBC /* LaunchScreen.storyboard in Resources */,
				414845741F6521AA00C11DBC /* Assets.xcassets in Resources */,
				4148456F1F6521AA00C11DBC /* Main.storyboard in Resources */,
			);
			runOnlyForDeploymentPostprocessing = 0;
		};
		4148457B1F6521AB00C11DBC /* Resources */ = {
			isa = PBXResourcesBuildPhase;
			buildActionMask = 2147483647;
			files = (
			);
			runOnlyForDeploymentPostprocessing = 0;
		};
		414845861F6521AB00C11DBC /* Resources */ = {
			isa = PBXResourcesBuildPhase;
			buildActionMask = 2147483647;
			files = (
			);
			runOnlyForDeploymentPostprocessing = 0;
		};
/* End PBXResourcesBuildPhase section */

/* Begin PBXSourcesBuildPhase section */
		414845621F6521AA00C11DBC /* Sources */ = {
			isa = PBXSourcesBuildPhase;
			buildActionMask = 2147483647;
			files = (
				414845721F6521AA00C11DBC /* Planets.xcdatamodeld in Sources */,
				4148456C1F6521AA00C11DBC /* ViewController.swift in Sources */,
				4148456A1F6521AA00C11DBC /* AppDelegate.swift in Sources */,
			);
			runOnlyForDeploymentPostprocessing = 0;
		};
		414845791F6521AB00C11DBC /* Sources */ = {
			isa = PBXSourcesBuildPhase;
			buildActionMask = 2147483647;
			files = (
				414845821F6521AB00C11DBC /* PlanetsTests.swift in Sources */,
			);
			runOnlyForDeploymentPostprocessing = 0;
		};
		414845841F6521AB00C11DBC /* Sources */ = {
			isa = PBXSourcesBuildPhase;
			buildActionMask = 2147483647;
			files = (
				4148458D1F6521AB00C11DBC /* PlanetsUITests.swift in Sources */,
			);
			runOnlyForDeploymentPostprocessing = 0;
		};
/* End PBXSourcesBuildPhase section */

/* Begin PBXTargetDependency section */
		4148457F1F6521AB00C11DBC /* PBXTargetDependency */ = {
			isa = PBXTargetDependency;
			target = 414845651F6521AA00C11DBC /* Planets */;
			targetProxy = 4148457E1F6521AB00C11DBC /* PBXContainerItemProxy */;
		};
		4148458A1F6521AB00C11DBC /* PBXTargetDependency */ = {
			isa = PBXTargetDependency;
			target = 414845651F6521AA00C11DBC /* Planets */;
			targetProxy = 414845891F6521AB00C11DBC /* PBXContainerItemProxy */;
		};
/* End PBXTargetDependency section */

/* Begin PBXVariantGroup section */
		4148456D1F6521AA00C11DBC /* Main.storyboard */ = {
			isa = PBXVariantGroup;
			children = (
				4148456E1F6521AA00C11DBC /* Base */,
			);
			name = Main.storyboard;
			sourceTree = "<group>";
		};
		414845751F6521AA00C11DBC /* LaunchScreen.storyboard */ = {
			isa = PBXVariantGroup;
			children = (
				414845761F6521AA00C11DBC /* Base */,
			);
			name = LaunchScreen.storyboard;
			sourceTree = "<group>";
		};
/* End PBXVariantGroup section */

/* Begin XCBuildConfiguration section */
		4148458F1F6521AB00C11DBC /* Debug */ = {
			isa = XCBuildConfiguration;
			buildSettings = {
				ALWAYS_SEARCH_USER_PATHS = NO;
				CLANG_ANALYZER_NONNULL = YES;
				CLANG_ANALYZER_NUMBER_OBJECT_CONVERSION = YES_AGGRESSIVE;
				CLANG_CXX_LANGUAGE_STANDARD = "gnu++14";
				CLANG_CXX_LIBRARY = "libc++";
				CLANG_ENABLE_MODULES = YES;
				CLANG_ENABLE_OBJC_ARC = YES;
				CLANG_WARN_BLOCK_CAPTURE_AUTORELEASING = YES;
				CLANG_WARN_BOOL_CONVERSION = YES;
				CLANG_WARN_COMMA = YES;
				CLANG_WARN_CONSTANT_CONVERSION = YES;
				CLANG_WARN_DIRECT_OBJC_ISA_USAGE = YES_ERROR;
				CLANG_WARN_DOCUMENTATION_COMMENTS = YES;
				CLANG_WARN_EMPTY_BODY = YES;
				CLANG_WARN_ENUM_CONVERSION = YES;
				CLANG_WARN_INFINITE_RECURSION = YES;
				CLANG_WARN_INT_CONVERSION = YES;
				CLANG_WARN_NON_LITERAL_NULL_CONVERSION = YES;
				CLANG_WARN_OBJC_LITERAL_CONVERSION = YES;
				CLANG_WARN_OBJC_ROOT_CLASS = YES_ERROR;
				CLANG_WARN_RANGE_LOOP_ANALYSIS = YES;
				CLANG_WARN_STRICT_PROTOTYPES = YES;
				CLANG_WARN_SUSPICIOUS_MOVE = YES;
				CLANG_WARN_UNGUARDED_AVAILABILITY = YES_AGGRESSIVE;
				CLANG_WARN_UNREACHABLE_CODE = YES;
				CLANG_WARN__DUPLICATE_METHOD_MATCH = YES;
				CODE_SIGN_IDENTITY = "iPhone Developer";
				COPY_PHASE_STRIP = NO;
				DEBUG_INFORMATION_FORMAT = dwarf;
				ENABLE_STRICT_OBJC_MSGSEND = YES;
				ENABLE_TESTABILITY = YES;
				GCC_C_LANGUAGE_STANDARD = gnu11;
				GCC_DYNAMIC_NO_PIC = NO;
				GCC_NO_COMMON_BLOCKS = YES;
				GCC_OPTIMIZATION_LEVEL = 0;
				GCC_PREPROCESSOR_DEFINITIONS = (
					"DEBUG=1",
					"$(inherited)",
				);
				GCC_WARN_64_TO_32_BIT_CONVERSION = YES;
				GCC_WARN_ABOUT_RETURN_TYPE = YES_ERROR;
				GCC_WARN_UNDECLARED_SELECTOR = YES;
				GCC_WARN_UNINITIALIZED_AUTOS = YES_AGGRESSIVE;
				GCC_WARN_UNUSED_FUNCTION = YES;
				GCC_WARN_UNUSED_VARIABLE = YES;
				IPHONEOS_DEPLOYMENT_TARGET = 11.0;
				MTL_ENABLE_DEBUG_INFO = YES;
				ONLY_ACTIVE_ARCH = YES;
				SDKROOT = iphoneos;
				SWIFT_ACTIVE_COMPILATION_CONDITIONS = DEBUG;
				SWIFT_OPTIMIZATION_LEVEL = "-Onone";
			};
			name = Debug;
		};
		414845901F6521AB00C11DBC /* Release */ = {
			isa = XCBuildConfiguration;
			buildSettings = {
				ALWAYS_SEARCH_USER_PATHS = NO;
				CLANG_ANALYZER_NONNULL = YES;
				CLANG_ANALYZER_NUMBER_OBJECT_CONVERSION = YES_AGGRESSIVE;
				CLANG_CXX_LANGUAGE_STANDARD = "gnu++14";
				CLANG_CXX_LIBRARY = "libc++";
				CLANG_ENABLE_MODULES = YES;
				CLANG_ENABLE_OBJC_ARC = YES;
				CLANG_WARN_BLOCK_CAPTURE_AUTORELEASING = YES;
				CLANG_WARN_BOOL_CONVERSION = YES;
				CLANG_WARN_COMMA = YES;
				CLANG_WARN_CONSTANT_CONVERSION = YES;
				CLANG_WARN_DIRECT_OBJC_ISA_USAGE = YES_ERROR;
				CLANG_WARN_DOCUMENTATION_COMMENTS = YES;
				CLANG_WARN_EMPTY_BODY = YES;
				CLANG_WARN_ENUM_CONVERSION = YES;
				CLANG_WARN_INFINITE_RECURSION = YES;
				CLANG_WARN_INT_CONVERSION = YES;
				CLANG_WARN_NON_LITERAL_NULL_CONVERSION = YES;
				CLANG_WARN_OBJC_LITERAL_CONVERSION = YES;
				CLANG_WARN_OBJC_ROOT_CLASS = YES_ERROR;
				CLANG_WARN_RANGE_LOOP_ANALYSIS = YES;
				CLANG_WARN_STRICT_PROTOTYPES = YES;
				CLANG_WARN_SUSPICIOUS_MOVE = YES;
				CLANG_WARN_UNGUARDED_AVAILABILITY = YES_AGGRESSIVE;
				CLANG_WARN_UNREACHABLE_CODE = YES;
				CLANG_WARN__DUPLICATE_METHOD_MATCH = YES;
				CODE_SIGN_IDENTITY = "iPhone Developer";
				COPY_PHASE_STRIP = NO;
				DEBUG_INFORMATION_FORMAT = "dwarf-with-dsym";
				ENABLE_NS_ASSERTIONS = NO;
				ENABLE_STRICT_OBJC_MSGSEND = YES;
				GCC_C_LANGUAGE_STANDARD = gnu11;
				GCC_NO_COMMON_BLOCKS = YES;
				GCC_WARN_64_TO_32_BIT_CONVERSION = YES;
				GCC_WARN_ABOUT_RETURN_TYPE = YES_ERROR;
				GCC_WARN_UNDECLARED_SELECTOR = YES;
				GCC_WARN_UNINITIALIZED_AUTOS = YES_AGGRESSIVE;
				GCC_WARN_UNUSED_FUNCTION = YES;
				GCC_WARN_UNUSED_VARIABLE = YES;
				IPHONEOS_DEPLOYMENT_TARGET = 11.0;
				MTL_ENABLE_DEBUG_INFO = NO;
				SDKROOT = iphoneos;
				SWIFT_OPTIMIZATION_LEVEL = "-Owholemodule";
				VALIDATE_PRODUCT = YES;
			};
			name = Release;
		};
		414845921F6521AB00C11DBC /* Debug */ = {
			isa = XCBuildConfiguration;
			buildSettings = {
				ASSETCATALOG_COMPILER_APPICON_NAME = AppIcon;
				CODE_SIGN_STYLE = Automatic;
				DEVELOPMENT_TEAM = 92AZ2YGHS5;
				INFOPLIST_FILE = Planets/Info.plist;
				LD_RUNPATH_SEARCH_PATHS = "$(inherited) @executable_path/Frameworks";
				PRODUCT_BUNDLE_IDENTIFIER = com.justinjrussell.Planets;
				PRODUCT_NAME = "$(TARGET_NAME)";
				SWIFT_VERSION = 4.0;
				TARGETED_DEVICE_FAMILY = "1,2";
			};
			name = Debug;
		};
		414845931F6521AB00C11DBC /* Release */ = {
			isa = XCBuildConfiguration;
			buildSettings = {
				ASSETCATALOG_COMPILER_APPICON_NAME = AppIcon;
				CODE_SIGN_STYLE = Automatic;
				DEVELOPMENT_TEAM = 92AZ2YGHS5;
				INFOPLIST_FILE = Planets/Info.plist;
				LD_RUNPATH_SEARCH_PATHS = "$(inherited) @executable_path/Frameworks";
				PRODUCT_BUNDLE_IDENTIFIER = com.justinjrussell.Planets;
				PRODUCT_NAME = "$(TARGET_NAME)";
				SWIFT_VERSION = 4.0;
				TARGETED_DEVICE_FAMILY = "1,2";
			};
			name = Release;
		};
		414845951F6521AB00C11DBC /* Debug */ = {
			isa = XCBuildConfiguration;
			buildSettings = {
				ALWAYS_EMBED_SWIFT_STANDARD_LIBRARIES = YES;
				BUNDLE_LOADER = "$(TEST_HOST)";
				CODE_SIGN_STYLE = Automatic;
				DEVELOPMENT_TEAM = 92AZ2YGHS5;
				INFOPLIST_FILE = PlanetsTests/Info.plist;
				LD_RUNPATH_SEARCH_PATHS = "$(inherited) @executable_path/Frameworks @loader_path/Frameworks";
				PRODUCT_BUNDLE_IDENTIFIER = com.justinjrussell.PlanetsTests;
				PRODUCT_NAME = "$(TARGET_NAME)";
				SWIFT_VERSION = 4.0;
				TARGETED_DEVICE_FAMILY = "1,2";
				TEST_HOST = "$(BUILT_PRODUCTS_DIR)/Planets.app/Planets";
			};
			name = Debug;
		};
		414845961F6521AB00C11DBC /* Release */ = {
			isa = XCBuildConfiguration;
			buildSettings = {
				ALWAYS_EMBED_SWIFT_STANDARD_LIBRARIES = YES;
				BUNDLE_LOADER = "$(TEST_HOST)";
				CODE_SIGN_STYLE = Automatic;
				DEVELOPMENT_TEAM = 92AZ2YGHS5;
				INFOPLIST_FILE = PlanetsTests/Info.plist;
				LD_RUNPATH_SEARCH_PATHS = "$(inherited) @executable_path/Frameworks @loader_path/Frameworks";
				PRODUCT_BUNDLE_IDENTIFIER = com.justinjrussell.PlanetsTests;
				PRODUCT_NAME = "$(TARGET_NAME)";
				SWIFT_VERSION = 4.0;
				TARGETED_DEVICE_FAMILY = "1,2";
				TEST_HOST = "$(BUILT_PRODUCTS_DIR)/Planets.app/Planets";
			};
			name = Release;
		};
		414845981F6521AB00C11DBC /* Debug */ = {
			isa = XCBuildConfiguration;
			buildSettings = {
				ALWAYS_EMBED_SWIFT_STANDARD_LIBRARIES = YES;
				CODE_SIGN_STYLE = Automatic;
				DEVELOPMENT_TEAM = 92AZ2YGHS5;
				INFOPLIST_FILE = PlanetsUITests/Info.plist;
				LD_RUNPATH_SEARCH_PATHS = "$(inherited) @executable_path/Frameworks @loader_path/Frameworks";
				PRODUCT_BUNDLE_IDENTIFIER = com.justinjrussell.PlanetsUITests;
				PRODUCT_NAME = "$(TARGET_NAME)";
				SWIFT_VERSION = 4.0;
				TARGETED_DEVICE_FAMILY = "1,2";
				TEST_TARGET_NAME = Planets;
			};
			name = Debug;
		};
		414845991F6521AB00C11DBC /* Release */ = {
			isa = XCBuildConfiguration;
			buildSettings = {
				ALWAYS_EMBED_SWIFT_STANDARD_LIBRARIES = YES;
				CODE_SIGN_STYLE = Automatic;
				DEVELOPMENT_TEAM = 92AZ2YGHS5;
				INFOPLIST_FILE = PlanetsUITests/Info.plist;
				LD_RUNPATH_SEARCH_PATHS = "$(inherited) @executable_path/Frameworks @loader_path/Frameworks";
				PRODUCT_BUNDLE_IDENTIFIER = com.justinjrussell.PlanetsUITests;
				PRODUCT_NAME = "$(TARGET_NAME)";
				SWIFT_VERSION = 4.0;
				TARGETED_DEVICE_FAMILY = "1,2";
				TEST_TARGET_NAME = Planets;
			};
			name = Release;
		};
/* End XCBuildConfiguration section */

/* Begin XCConfigurationList section */
		414845611F6521AA00C11DBC /* Build configuration list for PBXProject "Planets" */ = {
			isa = XCConfigurationList;
			buildConfigurations = (
				4148458F1F6521AB00C11DBC /* Debug */,
				414845901F6521AB00C11DBC /* Release */,
			);
			defaultConfigurationIsVisible = 0;
			defaultConfigurationName = Release;
		};
		414845911F6521AB00C11DBC /* Build configuration list for PBXNativeTarget "Planets" */ = {
			isa = XCConfigurationList;
			buildConfigurations = (
				414845921F6521AB00C11DBC /* Debug */,
				414845931F6521AB00C11DBC /* Release */,
			);
			defaultConfigurationIsVisible = 0;
			defaultConfigurationName = Release;
		};
		414845941F6521AB00C11DBC /* Build configuration list for PBXNativeTarget "PlanetsTests" */ = {
			isa = XCConfigurationList;
			buildConfigurations = (
				414845951F6521AB00C11DBC /* Debug */,
				414845961F6521AB00C11DBC /* Release */,
			);
			defaultConfigurationIsVisible = 0;
			defaultConfigurationName = Release;
		};
		414845971F6521AB00C11DBC /* Build configuration list for PBXNativeTarget "PlanetsUITests" */ = {
			isa = XCConfigurationList;
			buildConfigurations = (
				414845981F6521AB00C11DBC /* Debug */,
				414845991F6521AB00C11DBC /* Release */,
			);
			defaultConfigurationIsVisible = 0;
			defaultConfigurationName = Release;
		};
/* End XCConfigurationList section */

/* Begin XCVersionGroup section */
		414845701F6521AA00C11DBC /* Planets.xcdatamodeld */ = {
			isa = XCVersionGroup;
			children = (
				414845711F6521AA00C11DBC /* Planets.xcdatamodel */,
			);
			currentVersion = 414845711F6521AA00C11DBC /* Planets.xcdatamodel */;
			path = Planets.xcdatamodeld;
			sourceTree = "<group>";
			versionGroupType = wrapper.xcdatamodel;
		};
/* End XCVersionGroup section */
	};
	rootObject = 4148455E1F6521AA00C11DBC /* Project object */;
}
